
Microsoft Visual Studio Solution File, Format Version 12.00
# Visual Studio Version 16
VisualStudioVersion = 16.0.31702.278
MinimumVisualStudioVersion = 10.0.40219.1
Project("{FAE04EC0-301F-11D3-BF4B-00C04F79EFBC}") = "Tema1", "Tema1\Tema1.csproj", "{D98AEC11-1538-48EE-9925-0E61D318B353}"
EndProject
Global
	GlobalSection(SolutionConfigurationPlatforms) = preSolution
		Debug|Any CPU = Debug|Any CPU
		Release|Any CPU = Release|Any CPU
	EndGlobalSection
	GlobalSection(ProjectConfigurationPlatforms) = postSolution
		{D98AEC11-1538-48EE-9925-0E61D318B353}.Debug|Any CPU.ActiveCfg = Debug|Any CPU
		{D98AEC11-1538-48EE-9925-0E61D318B353}.Debug|Any CPU.Build.0 = Debug|Any CPU
		{D98AEC11-1538-48EE-9925-0E61D318B353}.Release|Any CPU.ActiveCfg = Release|Any CPU
		{D98AEC11-1538-48EE-9925-0E61D318B353}.Release|Any CPU.Build.0 = Release|Any CPU
	EndGlobalSection
	GlobalSection(SolutionProperties) = preSolution
		HideSolutionNode = FALSE
	EndGlobalSection
	GlobalSection(ExtensibilityGlobals) = postSolution
		SolutionGuid = {E44429CD-241F-413F-B993-9B124084C73E}
	EndGlobalSection
EndGlobal
